
Microsoft Visual Studio Solution File, Format Version 12.00
# Visual Studio 15
VisualStudioVersion = 15.0.28010.2016
MinimumVisualStudioVersion = 10.0.40219.1
Project("{FAE04EC0-301F-11D3-BF4B-00C04F79EFBC}") = "Model", "Model\Model.csproj", "{69E2438C-3663-4BDA-B705-9E259AE0D3D5}"
EndProject
Project("{FAE04EC0-301F-11D3-BF4B-00C04F79EFBC}") = "View", "View\View.csproj", "{3F59C1CF-CC5A-45CF-8646-DE4780FF346C}"
EndProject
Project("{FAE04EC0-301F-11D3-BF4B-00C04F79EFBC}") = "Controller", "Controller\Controller.csproj", "{C94F021A-DAE0-411A-A02C-A69122511E9D}"
EndProject
Global
	GlobalSection(SolutionConfigurationPlatforms) = preSolution
		Debug|Any CPU = Debug|Any CPU
		Release|Any CPU = Release|Any CPU
	EndGlobalSection
	GlobalSection(ProjectConfigurationPlatforms) = postSolution
		{69E2438C-3663-4BDA-B705-9E259AE0D3D5}.Debug|Any CPU.ActiveCfg = Debug|Any CPU
		{69E2438C-3663-4BDA-B705-9E259AE0D3D5}.Debug|Any CPU.Build.0 = Debug|Any CPU
		{69E2438C-3663-4BDA-B705-9E259AE0D3D5}.Release|Any CPU.ActiveCfg = Release|Any CPU
		{69E2438C-3663-4BDA-B705-9E259AE0D3D5}.Release|Any CPU.Build.0 = Release|Any CPU
		{3F59C1CF-CC5A-45CF-8646-DE4780FF346C}.Debug|Any CPU.ActiveCfg = Debug|Any CPU
		{3F59C1CF-CC5A-45CF-8646-DE4780FF346C}.Debug|Any CPU.Build.0 = Debug|Any CPU
		{3F59C1CF-CC5A-45CF-8646-DE4780FF346C}.Release|Any CPU.ActiveCfg = Release|Any CPU
		{3F59C1CF-CC5A-45CF-8646-DE4780FF346C}.Release|Any CPU.Build.0 = Release|Any CPU
		{C94F021A-DAE0-411A-A02C-A69122511E9D}.Debug|Any CPU.ActiveCfg = Debug|Any CPU
		{C94F021A-DAE0-411A-A02C-A69122511E9D}.Debug|Any CPU.Build.0 = Debug|Any CPU
		{C94F021A-DAE0-411A-A02C-A69122511E9D}.Release|Any CPU.ActiveCfg = Release|Any CPU
		{C94F021A-DAE0-411A-A02C-A69122511E9D}.Release|Any CPU.Build.0 = Release|Any CPU
	EndGlobalSection
	GlobalSection(SolutionProperties) = preSolution
		HideSolutionNode = FALSE
	EndGlobalSection
	GlobalSection(ExtensibilityGlobals) = postSolution
		SolutionGuid = {2DEFEFC9-32FC-439A-88D7-0378AD15027B}
	EndGlobalSection
EndGlobal
